// !$*UTF8*$!
{
	archiveVersion = 1;
	classes = {
	};
	objectVersion = 50;
	objects = {

/* Begin PBXBuildFile section */
		6B5F6A6027F189EB00018DCA /* main.cpp in Sources */ = {isa = PBXBuildFile; fileRef = 6B5F6A5F27F189EB00018DCA /* main.cpp */; };
		6B5F6A6C27F19A6200018DCA /* scene.cpp in Sources */ = {isa = PBXBuildFile; fileRef = 6B5F6A6A27F19A6200018DCA /* scene.cpp */; };
		6B5F6A7527F19B7200018DCA /* vector3.cpp in Sources */ = {isa = PBXBuildFile; fileRef = 6B5F6A7327F19B7200018DCA /* vector3.cpp */; };
		6B5F6A7B27F21ADD00018DCA /* material.cpp in Sources */ = {isa = PBXBuildFile; fileRef = 6B5F6A7927F21ADD00018DCA /* material.cpp */; };
		6B5F6A7F27F22B6000018DCA /* utilities.cpp in Sources */ = {isa = PBXBuildFile; fileRef = 6B5F6A7D27F22B6000018DCA /* utilities.cpp */; };
		6B5F6A9927F4521D00018DCA /* rayTracingRenderer.cpp in Sources */ = {isa = PBXBuildFile; fileRef = 6B5F6A9727F4521D00018DCA /* rayTracingRenderer.cpp */; };
		6B5F6A9C27F481D100018DCA /* rayGenerator.cpp in Sources */ = {isa = PBXBuildFile; fileRef = 6B5F6A9A27F481D100018DCA /* rayGenerator.cpp */; };
		6B5F6AA027F48F8800018DCA /* ppm3.cpp in Sources */ = {isa = PBXBuildFile; fileRef = 6B5F6A9E27F48F8800018DCA /* ppm3.cpp */; };
		6B5F6AA827F4AA8300018DCA /* renderer.cpp in Sources */ = {isa = PBXBuildFile; fileRef = 6B5F6AA727F4AA8300018DCA /* renderer.cpp */; };
		6B5F6AAE27F4D49000018DCA /* ppm6.cpp in Sources */ = {isa = PBXBuildFile; fileRef = 6B5F6AAC27F4D49000018DCA /* ppm6.cpp */; };
		6B5F6ABE27F7595300018DCA /* triangle.cpp in Sources */ = {isa = PBXBuildFile; fileRef = 6B5F6AB427F7595300018DCA /* triangle.cpp */; };
		6B5F6ABF27F7595300018DCA /* pointLight.cpp in Sources */ = {isa = PBXBuildFile; fileRef = 6B5F6AB527F7595300018DCA /* pointLight.cpp */; };
		6B5F6AC027F7595300018DCA /* camera.cpp in Sources */ = {isa = PBXBuildFile; fileRef = 6B5F6AB827F7595300018DCA /* camera.cpp */; };
		6B5F6AC127F7595300018DCA /* mesh.cpp in Sources */ = {isa = PBXBuildFile; fileRef = 6B5F6AB927F7595300018DCA /* mesh.cpp */; };
		6B5F6AC227F7595300018DCA /* object.cpp in Sources */ = {isa = PBXBuildFile; fileRef = 6B5F6ABA27F7595300018DCA /* object.cpp */; };
		6B5F6AC327F7595300018DCA /* sphere.cpp in Sources */ = {isa = PBXBuildFile; fileRef = 6B5F6ABC27F7595300018DCA /* sphere.cpp */; };
/* End PBXBuildFile section */

/* Begin PBXCopyFilesBuildPhase section */
		6B5F6A5A27F189EB00018DCA /* CopyFiles */ = {
			isa = PBXCopyFilesBuildPhase;
			buildActionMask = 2147483647;
			dstPath = /usr/share/man/man1/;
			dstSubfolderSpec = 0;
			files = (
			);
			runOnlyForDeploymentPostprocessing = 1;
		};
/* End PBXCopyFilesBuildPhase section */

/* Begin PBXFileReference section */
		6B5F6A5C27F189EB00018DCA /* rayTracer */ = {isa = PBXFileReference; explicitFileType = "compiled.mach-o.executable"; includeInIndex = 0; path = rayTracer; sourceTree = BUILT_PRODUCTS_DIR; };
		6B5F6A5F27F189EB00018DCA /* main.cpp */ = {isa = PBXFileReference; lastKnownFileType = sourcecode.cpp.cpp; path = main.cpp; sourceTree = "<group>"; };
		6B5F6A6A27F19A6200018DCA /* scene.cpp */ = {isa = PBXFileReference; lastKnownFileType = sourcecode.cpp.cpp; path = scene.cpp; sourceTree = "<group>"; };
		6B5F6A6B27F19A6200018DCA /* scene.hpp */ = {isa = PBXFileReference; lastKnownFileType = sourcecode.cpp.h; path = scene.hpp; sourceTree = "<group>"; };
		6B5F6A7327F19B7200018DCA /* vector3.cpp */ = {isa = PBXFileReference; lastKnownFileType = sourcecode.cpp.cpp; path = vector3.cpp; sourceTree = "<group>"; };
		6B5F6A7427F19B7200018DCA /* vector3.hpp */ = {isa = PBXFileReference; lastKnownFileType = sourcecode.cpp.h; path = vector3.hpp; sourceTree = "<group>"; };
		6B5F6A7927F21ADD00018DCA /* material.cpp */ = {isa = PBXFileReference; lastKnownFileType = sourcecode.cpp.cpp; path = material.cpp; sourceTree = "<group>"; };
		6B5F6A7A27F21ADD00018DCA /* material.hpp */ = {isa = PBXFileReference; lastKnownFileType = sourcecode.cpp.h; path = material.hpp; sourceTree = "<group>"; };
		6B5F6A7D27F22B6000018DCA /* utilities.cpp */ = {isa = PBXFileReference; lastKnownFileType = sourcecode.cpp.cpp; path = utilities.cpp; sourceTree = "<group>"; };
		6B5F6A7E27F22B6000018DCA /* utilities.hpp */ = {isa = PBXFileReference; lastKnownFileType = sourcecode.cpp.h; path = utilities.hpp; sourceTree = "<group>"; };
		6B5F6A9727F4521D00018DCA /* rayTracingRenderer.cpp */ = {isa = PBXFileReference; lastKnownFileType = sourcecode.cpp.cpp; path = rayTracingRenderer.cpp; sourceTree = "<group>"; };
		6B5F6A9827F4521D00018DCA /* rayTracingRenderer.hpp */ = {isa = PBXFileReference; lastKnownFileType = sourcecode.cpp.h; path = rayTracingRenderer.hpp; sourceTree = "<group>"; };
		6B5F6A9A27F481D100018DCA /* rayGenerator.cpp */ = {isa = PBXFileReference; lastKnownFileType = sourcecode.cpp.cpp; path = rayGenerator.cpp; sourceTree = "<group>"; };
		6B5F6A9B27F481D100018DCA /* rayGenerator.hpp */ = {isa = PBXFileReference; lastKnownFileType = sourcecode.cpp.h; path = rayGenerator.hpp; sourceTree = "<group>"; };
		6B5F6A9E27F48F8800018DCA /* ppm3.cpp */ = {isa = PBXFileReference; lastKnownFileType = sourcecode.cpp.cpp; path = ppm3.cpp; sourceTree = "<group>"; };
		6B5F6A9F27F48F8800018DCA /* ppm3.hpp */ = {isa = PBXFileReference; lastKnownFileType = sourcecode.cpp.h; path = ppm3.hpp; sourceTree = "<group>"; };
		6B5F6AA227F4A57600018DCA /* renderer.hpp */ = {isa = PBXFileReference; lastKnownFileType = sourcecode.cpp.h; path = renderer.hpp; sourceTree = "<group>"; };
		6B5F6AA527F4A5C600018DCA /* imageGenerator.hpp */ = {isa = PBXFileReference; lastKnownFileType = sourcecode.cpp.h; path = imageGenerator.hpp; sourceTree = "<group>"; };
		6B5F6AA727F4AA8300018DCA /* renderer.cpp */ = {isa = PBXFileReference; lastKnownFileType = sourcecode.cpp.cpp; path = renderer.cpp; sourceTree = "<group>"; };
		6B5F6AAC27F4D49000018DCA /* ppm6.cpp */ = {isa = PBXFileReference; lastKnownFileType = sourcecode.cpp.cpp; path = ppm6.cpp; sourceTree = "<group>"; };
		6B5F6AAD27F4D49000018DCA /* ppm6.hpp */ = {isa = PBXFileReference; lastKnownFileType = sourcecode.cpp.h; path = ppm6.hpp; sourceTree = "<group>"; };
		6B5F6AB227F7595200018DCA /* triangle.hpp */ = {isa = PBXFileReference; fileEncoding = 4; lastKnownFileType = sourcecode.cpp.h; path = triangle.hpp; sourceTree = "<group>"; };
		6B5F6AB327F7595200018DCA /* camera.hpp */ = {isa = PBXFileReference; fileEncoding = 4; lastKnownFileType = sourcecode.cpp.h; path = camera.hpp; sourceTree = "<group>"; };
		6B5F6AB427F7595300018DCA /* triangle.cpp */ = {isa = PBXFileReference; fileEncoding = 4; lastKnownFileType = sourcecode.cpp.cpp; path = triangle.cpp; sourceTree = "<group>"; };
		6B5F6AB527F7595300018DCA /* pointLight.cpp */ = {isa = PBXFileReference; fileEncoding = 4; lastKnownFileType = sourcecode.cpp.cpp; path = pointLight.cpp; sourceTree = "<group>"; };
		6B5F6AB627F7595300018DCA /* mesh.hpp */ = {isa = PBXFileReference; fileEncoding = 4; lastKnownFileType = sourcecode.cpp.h; path = mesh.hpp; sourceTree = "<group>"; };
		6B5F6AB727F7595300018DCA /* object.hpp */ = {isa = PBXFileReference; fileEncoding = 4; lastKnownFileType = sourcecode.cpp.h; path = object.hpp; sourceTree = "<group>"; };
		6B5F6AB827F7595300018DCA /* camera.cpp */ = {isa = PBXFileReference; fileEncoding = 4; lastKnownFileType = sourcecode.cpp.cpp; path = camera.cpp; sourceTree = "<group>"; };
		6B5F6AB927F7595300018DCA /* mesh.cpp */ = {isa = PBXFileReference; fileEncoding = 4; lastKnownFileType = sourcecode.cpp.cpp; path = mesh.cpp; sourceTree = "<group>"; };
		6B5F6ABA27F7595300018DCA /* object.cpp */ = {isa = PBXFileReference; fileEncoding = 4; lastKnownFileType = sourcecode.cpp.cpp; path = object.cpp; sourceTree = "<group>"; };
		6B5F6ABB27F7595300018DCA /* pointLight.hpp */ = {isa = PBXFileReference; fileEncoding = 4; lastKnownFileType = sourcecode.cpp.h; path = pointLight.hpp; sourceTree = "<group>"; };
		6B5F6ABC27F7595300018DCA /* sphere.cpp */ = {isa = PBXFileReference; fileEncoding = 4; lastKnownFileType = sourcecode.cpp.cpp; path = sphere.cpp; sourceTree = "<group>"; };
		6B5F6ABD27F7595300018DCA /* sphere.hpp */ = {isa = PBXFileReference; fileEncoding = 4; lastKnownFileType = sourcecode.cpp.h; path = sphere.hpp; sourceTree = "<group>"; };
/* End PBXFileReference section */

/* Begin PBXFrameworksBuildPhase section */
		6B5F6A5927F189EB00018DCA /* Frameworks */ = {
			isa = PBXFrameworksBuildPhase;
			buildActionMask = 2147483647;
			files = (
			);
			runOnlyForDeploymentPostprocessing = 0;
		};
/* End PBXFrameworksBuildPhase section */

/* Begin PBXGroup section */
		6B5F6A5327F189EB00018DCA = {
			isa = PBXGroup;
			children = (
				6B5F6A5E27F189EB00018DCA /* rayTracer */,
				6B5F6A5D27F189EB00018DCA /* Products */,
			);
			sourceTree = "<group>";
		};
		6B5F6A5D27F189EB00018DCA /* Products */ = {
			isa = PBXGroup;
			children = (
				6B5F6A5C27F189EB00018DCA /* rayTracer */,
			);
			name = Products;
			sourceTree = "<group>";
		};
		6B5F6A5E27F189EB00018DCA /* rayTracer */ = {
			isa = PBXGroup;
			children = (
				6B5F6A9D27F48F6E00018DCA /* ImageGenerator */,
				6B5F6A9627F44FD400018DCA /* Renderer */,
				6B5F6A9527F44FC800018DCA /* Scene */,
				6B5F6A9327F44F5400018DCA /* Utilities */,
				6B5F6A9227F44F3C00018DCA /* ObjectClasses */,
				6B5F6A5F27F189EB00018DCA /* main.cpp */,
				6B5F6A9427F44F6A00018DCA /* MaterialClasses */,
			);
			path = rayTracer;
			sourceTree = "<group>";
		};
		6B5F6A9227F44F3C00018DCA /* ObjectClasses */ = {
			isa = PBXGroup;
			children = (
				6B5F6AB827F7595300018DCA /* camera.cpp */,
				6B5F6AB327F7595200018DCA /* camera.hpp */,
				6B5F6AB927F7595300018DCA /* mesh.cpp */,
				6B5F6AB627F7595300018DCA /* mesh.hpp */,
				6B5F6ABA27F7595300018DCA /* object.cpp */,
				6B5F6AB727F7595300018DCA /* object.hpp */,
				6B5F6AB527F7595300018DCA /* pointLight.cpp */,
				6B5F6ABB27F7595300018DCA /* pointLight.hpp */,
				6B5F6ABC27F7595300018DCA /* sphere.cpp */,
				6B5F6ABD27F7595300018DCA /* sphere.hpp */,
				6B5F6AB427F7595300018DCA /* triangle.cpp */,
				6B5F6AB227F7595200018DCA /* triangle.hpp */,
			);
			path = ObjectClasses;
			sourceTree = "<group>";
		};
		6B5F6A9327F44F5400018DCA /* Utilities */ = {
			isa = PBXGroup;
			children = (
				6B5F6A7D27F22B6000018DCA /* utilities.cpp */,
				6B5F6A7E27F22B6000018DCA /* utilities.hpp */,
				6B5F6A7327F19B7200018DCA /* vector3.cpp */,
				6B5F6A7427F19B7200018DCA /* vector3.hpp */,
			);
			path = Utilities;
			sourceTree = "<group>";
		};
		6B5F6A9427F44F6A00018DCA /* MaterialClasses */ = {
			isa = PBXGroup;
			children = (
				6B5F6A7927F21ADD00018DCA /* material.cpp */,
				6B5F6A7A27F21ADD00018DCA /* material.hpp */,
			);
			path = MaterialClasses;
			sourceTree = "<group>";
		};
		6B5F6A9527F44FC800018DCA /* Scene */ = {
			isa = PBXGroup;
			children = (
				6B5F6A6A27F19A6200018DCA /* scene.cpp */,
				6B5F6A6B27F19A6200018DCA /* scene.hpp */,
			);
			path = Scene;
			sourceTree = "<group>";
		};
		6B5F6A9627F44FD400018DCA /* Renderer */ = {
			isa = PBXGroup;
			children = (
				6B5F6AA927F4D3F700018DCA /* rayTracingRenderer */,
				6B5F6AA227F4A57600018DCA /* renderer.hpp */,
				6B5F6AA727F4AA8300018DCA /* renderer.cpp */,
			);
			path = Renderer;
			sourceTree = "<group>";
		};
		6B5F6A9D27F48F6E00018DCA /* ImageGenerator */ = {
			isa = PBXGroup;
			children = (
				6B5F6AAB27F4D47C00018DCA /* ppm6 */,
				6B5F6AAA27F4D47100018DCA /* ppm3 */,
				6B5F6AA527F4A5C600018DCA /* imageGenerator.hpp */,
			);
			path = ImageGenerator;
			sourceTree = "<group>";
		};
		6B5F6AA927F4D3F700018DCA /* rayTracingRenderer */ = {
			isa = PBXGroup;
			children = (
				6B5F6A9727F4521D00018DCA /* rayTracingRenderer.cpp */,
				6B5F6A9827F4521D00018DCA /* rayTracingRenderer.hpp */,
				6B5F6A9A27F481D100018DCA /* rayGenerator.cpp */,
				6B5F6A9B27F481D100018DCA /* rayGenerator.hpp */,
			);
			path = rayTracingRenderer;
			sourceTree = "<group>";
		};
		6B5F6AAA27F4D47100018DCA /* ppm3 */ = {
			isa = PBXGroup;
			children = (
				6B5F6A9E27F48F8800018DCA /* ppm3.cpp */,
				6B5F6A9F27F48F8800018DCA /* ppm3.hpp */,
			);
			path = ppm3;
			sourceTree = "<group>";
		};
		6B5F6AAB27F4D47C00018DCA /* ppm6 */ = {
			isa = PBXGroup;
			children = (
				6B5F6AAC27F4D49000018DCA /* ppm6.cpp */,
				6B5F6AAD27F4D49000018DCA /* ppm6.hpp */,
			);
			path = ppm6;
			sourceTree = "<group>";
		};
/* End PBXGroup section */

/* Begin PBXNativeTarget section */
		6B5F6A5B27F189EB00018DCA /* rayTracer */ = {
			isa = PBXNativeTarget;
			buildConfigurationList = 6B5F6A6327F189EB00018DCA /* Build configuration list for PBXNativeTarget "rayTracer" */;
			buildPhases = (
				6B5F6A5827F189EB00018DCA /* Sources */,
				6B5F6A5927F189EB00018DCA /* Frameworks */,
				6B5F6A5A27F189EB00018DCA /* CopyFiles */,
			);
			buildRules = (
			);
			dependencies = (
			);
			name = rayTracer;
			productName = rayTracer;
			productReference = 6B5F6A5C27F189EB00018DCA /* rayTracer */;
			productType = "com.apple.product-type.tool";
		};
/* End PBXNativeTarget section */

/* Begin PBXProject section */
		6B5F6A5427F189EB00018DCA /* Project object */ = {
			isa = PBXProject;
			attributes = {
				LastUpgradeCheck = 1250;
				TargetAttributes = {
					6B5F6A5B27F189EB00018DCA = {
						CreatedOnToolsVersion = 12.5.1;
					};
				};
			};
			buildConfigurationList = 6B5F6A5727F189EB00018DCA /* Build configuration list for PBXProject "rayTracer" */;
			compatibilityVersion = "Xcode 9.3";
			developmentRegion = en;
			hasScannedForEncodings = 0;
			knownRegions = (
				en,
				Base,
			);
			mainGroup = 6B5F6A5327F189EB00018DCA;
			productRefGroup = 6B5F6A5D27F189EB00018DCA /* Products */;
			projectDirPath = "";
			projectRoot = "";
			targets = (
				6B5F6A5B27F189EB00018DCA /* rayTracer */,
			);
		};
/* End PBXProject section */

/* Begin PBXSourcesBuildPhase section */
		6B5F6A5827F189EB00018DCA /* Sources */ = {
			isa = PBXSourcesBuildPhase;
			buildActionMask = 2147483647;
			files = (
				6B5F6AC027F7595300018DCA /* camera.cpp in Sources */,
				6B5F6A6027F189EB00018DCA /* main.cpp in Sources */,
				6B5F6AC327F7595300018DCA /* sphere.cpp in Sources */,
				6B5F6A7B27F21ADD00018DCA /* material.cpp in Sources */,
				6B5F6A6C27F19A6200018DCA /* scene.cpp in Sources */,
				6B5F6AC227F7595300018DCA /* object.cpp in Sources */,
				6B5F6AA827F4AA8300018DCA /* renderer.cpp in Sources */,
				6B5F6A7527F19B7200018DCA /* vector3.cpp in Sources */,
				6B5F6AC127F7595300018DCA /* mesh.cpp in Sources */,
				6B5F6ABF27F7595300018DCA /* pointLight.cpp in Sources */,
				6B5F6A9C27F481D100018DCA /* rayGenerator.cpp in Sources */,
				6B5F6A7F27F22B6000018DCA /* utilities.cpp in Sources */,
				6B5F6AAE27F4D49000018DCA /* ppm6.cpp in Sources */,
				6B5F6A9927F4521D00018DCA /* rayTracingRenderer.cpp in Sources */,
				6B5F6AA027F48F8800018DCA /* ppm3.cpp in Sources */,
				6B5F6ABE27F7595300018DCA /* triangle.cpp in Sources */,
			);
			runOnlyForDeploymentPostprocessing = 0;
		};
/* End PBXSourcesBuildPhase section */

/* Begin XCBuildConfiguration section */
		6B5F6A6127F189EB00018DCA /* Debug */ = {
			isa = XCBuildConfiguration;
			buildSettings = {
				ALWAYS_SEARCH_USER_PATHS = NO;
				CLANG_ANALYZER_NONNULL = YES;
				CLANG_ANALYZER_NUMBER_OBJECT_CONVERSION = YES_AGGRESSIVE;
				CLANG_CXX_LANGUAGE_STANDARD = "gnu++14";
				CLANG_CXX_LIBRARY = "libc++";
				CLANG_ENABLE_MODULES = YES;
				CLANG_ENABLE_OBJC_ARC = YES;
				CLANG_ENABLE_OBJC_WEAK = YES;
				CLANG_WARN_BLOCK_CAPTURE_AUTORELEASING = YES;
				CLANG_WARN_BOOL_CONVERSION = YES;
				CLANG_WARN_COMMA = YES;
				CLANG_WARN_CONSTANT_CONVERSION = YES;
				CLANG_WARN_DEPRECATED_OBJC_IMPLEMENTATIONS = YES;
				CLANG_WARN_DIRECT_OBJC_ISA_USAGE = YES_ERROR;
				CLANG_WARN_DOCUMENTATION_COMMENTS = YES;
				CLANG_WARN_EMPTY_BODY = YES;
				CLANG_WARN_ENUM_CONVERSION = YES;
				CLANG_WARN_INFINITE_RECURSION = YES;
				CLANG_WARN_INT_CONVERSION = YES;
				CLANG_WARN_NON_LITERAL_NULL_CONVERSION = YES;
				CLANG_WARN_OBJC_IMPLICIT_RETAIN_SELF = YES;
				CLANG_WARN_OBJC_LITERAL_CONVERSION = YES;
				CLANG_WARN_OBJC_ROOT_CLASS = YES_ERROR;
				CLANG_WARN_QUOTED_INCLUDE_IN_FRAMEWORK_HEADER = YES;
				CLANG_WARN_RANGE_LOOP_ANALYSIS = YES;
				CLANG_WARN_STRICT_PROTOTYPES = YES;
				CLANG_WARN_SUSPICIOUS_MOVE = YES;
				CLANG_WARN_UNGUARDED_AVAILABILITY = YES_AGGRESSIVE;
				CLANG_WARN_UNREACHABLE_CODE = YES;
				CLANG_WARN__DUPLICATE_METHOD_MATCH = YES;
				COPY_PHASE_STRIP = NO;
				DEBUG_INFORMATION_FORMAT = dwarf;
				ENABLE_STRICT_OBJC_MSGSEND = YES;
				ENABLE_TESTABILITY = YES;
				GCC_C_LANGUAGE_STANDARD = gnu11;
				GCC_DYNAMIC_NO_PIC = NO;
				GCC_NO_COMMON_BLOCKS = YES;
				GCC_OPTIMIZATION_LEVEL = 0;
				GCC_PREPROCESSOR_DEFINITIONS = (
					"DEBUG=1",
					"$(inherited)",
				);
				GCC_WARN_64_TO_32_BIT_CONVERSION = YES;
				GCC_WARN_ABOUT_RETURN_TYPE = YES_ERROR;
				GCC_WARN_UNDECLARED_SELECTOR = YES;
				GCC_WARN_UNINITIALIZED_AUTOS = YES_AGGRESSIVE;
				GCC_WARN_UNUSED_FUNCTION = YES;
				GCC_WARN_UNUSED_VARIABLE = YES;
				MACOSX_DEPLOYMENT_TARGET = 11.3;
				MTL_ENABLE_DEBUG_INFO = INCLUDE_SOURCE;
				MTL_FAST_MATH = YES;
				ONLY_ACTIVE_ARCH = YES;
				SDKROOT = macosx;
			};
			name = Debug;
		};
		6B5F6A6227F189EB00018DCA /* Release */ = {
			isa = XCBuildConfiguration;
			buildSettings = {
				ALWAYS_SEARCH_USER_PATHS = NO;
				CLANG_ANALYZER_NONNULL = YES;
				CLANG_ANALYZER_NUMBER_OBJECT_CONVERSION = YES_AGGRESSIVE;
				CLANG_CXX_LANGUAGE_STANDARD = "gnu++14";
				CLANG_CXX_LIBRARY = "libc++";
				CLANG_ENABLE_MODULES = YES;
				CLANG_ENABLE_OBJC_ARC = YES;
				CLANG_ENABLE_OBJC_WEAK = YES;
				CLANG_WARN_BLOCK_CAPTURE_AUTORELEASING = YES;
				CLANG_WARN_BOOL_CONVERSION = YES;
				CLANG_WARN_COMMA = YES;
				CLANG_WARN_CONSTANT_CONVERSION = YES;
				CLANG_WARN_DEPRECATED_OBJC_IMPLEMENTATIONS = YES;
				CLANG_WARN_DIRECT_OBJC_ISA_USAGE = YES_ERROR;
				CLANG_WARN_DOCUMENTATION_COMMENTS = YES;
				CLANG_WARN_EMPTY_BODY = YES;
				CLANG_WARN_ENUM_CONVERSION = YES;
				CLANG_WARN_INFINITE_RECURSION = YES;
				CLANG_WARN_INT_CONVERSION = YES;
				CLANG_WARN_NON_LITERAL_NULL_CONVERSION = YES;
				CLANG_WARN_OBJC_IMPLICIT_RETAIN_SELF = YES;
				CLANG_WARN_OBJC_LITERAL_CONVERSION = YES;
				CLANG_WARN_OBJC_ROOT_CLASS = YES_ERROR;
				CLANG_WARN_QUOTED_INCLUDE_IN_FRAMEWORK_HEADER = YES;
				CLANG_WARN_RANGE_LOOP_ANALYSIS = YES;
				CLANG_WARN_STRICT_PROTOTYPES = YES;
				CLANG_WARN_SUSPICIOUS_MOVE = YES;
				CLANG_WARN_UNGUARDED_AVAILABILITY = YES_AGGRESSIVE;
				CLANG_WARN_UNREACHABLE_CODE = YES;
				CLANG_WARN__DUPLICATE_METHOD_MATCH = YES;
				COPY_PHASE_STRIP = NO;
				DEBUG_INFORMATION_FORMAT = "dwarf-with-dsym";
				ENABLE_NS_ASSERTIONS = NO;
				ENABLE_STRICT_OBJC_MSGSEND = YES;
				GCC_C_LANGUAGE_STANDARD = gnu11;
				GCC_NO_COMMON_BLOCKS = YES;
				GCC_WARN_64_TO_32_BIT_CONVERSION = YES;
				GCC_WARN_ABOUT_RETURN_TYPE = YES_ERROR;
				GCC_WARN_UNDECLARED_SELECTOR = YES;
				GCC_WARN_UNINITIALIZED_AUTOS = YES_AGGRESSIVE;
				GCC_WARN_UNUSED_FUNCTION = YES;
				GCC_WARN_UNUSED_VARIABLE = YES;
				MACOSX_DEPLOYMENT_TARGET = 11.3;
				MTL_ENABLE_DEBUG_INFO = NO;
				MTL_FAST_MATH = YES;
				SDKROOT = macosx;
			};
			name = Release;
		};
		6B5F6A6427F189EB00018DCA /* Debug */ = {
			isa = XCBuildConfiguration;
			buildSettings = {
				CODE_SIGN_STYLE = Automatic;
				PRODUCT_NAME = "$(TARGET_NAME)";
			};
			name = Debug;
		};
		6B5F6A6527F189EB00018DCA /* Release */ = {
			isa = XCBuildConfiguration;
			buildSettings = {
				CODE_SIGN_STYLE = Automatic;
				PRODUCT_NAME = "$(TARGET_NAME)";
			};
			name = Release;
		};
/* End XCBuildConfiguration section */

/* Begin XCConfigurationList section */
		6B5F6A5727F189EB00018DCA /* Build configuration list for PBXProject "rayTracer" */ = {
			isa = XCConfigurationList;
			buildConfigurations = (
				6B5F6A6127F189EB00018DCA /* Debug */,
				6B5F6A6227F189EB00018DCA /* Release */,
			);
			defaultConfigurationIsVisible = 0;
			defaultConfigurationName = Release;
		};
		6B5F6A6327F189EB00018DCA /* Build configuration list for PBXNativeTarget "rayTracer" */ = {
			isa = XCConfigurationList;
			buildConfigurations = (
				6B5F6A6427F189EB00018DCA /* Debug */,
				6B5F6A6527F189EB00018DCA /* Release */,
			);
			defaultConfigurationIsVisible = 0;
			defaultConfigurationName = Release;
		};
/* End XCConfigurationList section */
	};
	rootObject = 6B5F6A5427F189EB00018DCA /* Project object */;
}
